{
  "version": 4,
  "terraform_version": "1.0.2",
  "serial": 4,
  "lineage": "934dae66-34fa-e49d-4ed8-88300c3b1a2c",
  "outputs": {
    "lb_ip": {
      "value": "ab1c497ec0dc84a4ba357d422aef97a6-253700796.eu-central-1.elb.amazonaws.com",
      "type": "string"
    }
  },
  "resources": [
    {
      "mode": "data",
      "type": "aws_eks_cluster",
      "name": "cluster",
      "provider": "provider[\"registry.terraform.io/hashicorp/aws\"]",
      "instances": [
        {
          "schema_version": 0,
          "attributes": {
            "arn": "arn:aws:eks:eu-central-1:650650568567:cluster/education-eks-HsT24adv",
            "certificate_authority": [
              {
                "data": "LS0tLS1CRUdJTiBDRVJUSUZJQ0FURS0tLS0tCk1JSUM1ekNDQWMrZ0F3SUJBZ0lCQURBTkJna3Foa2lHOXcwQkFRc0ZBREFWTVJNd0VRWURWUVFERXdwcmRXSmwKY201bGRHVnpNQjRYRFRJeE1EY3lNREE0TURBd01Gb1hEVE14TURjeE9EQTRNREF3TUZvd0ZURVRNQkVHQTFVRQpBeE1LYTNWaVpYSnVaWFJsY3pDQ0FTSXdEUVlKS29aSWh2Y05BUUVCQlFBRGdnRVBBRENDQVFvQ2dnRUJBT1dUClBhU3NGMVBMdzErK0NQM1VRUU9CNllqcGRTNjNBbGEweTUyb1lrUDBOR0hGVTB5UWNVMjUzQTA5ZFNHUWRqcWoKb0lORXdmYXBaVVE2WHc5TFFZa1dLWjUyMkxPZ3NSZ2FiN2NSNWpRKzI5M1hWTGtBL2lobW5UU0t0SjB4QzJOQQpMbEp6aFllQUxVVlc3c0FOY0MzYVdMa3BrMWpOa2llUmpWYlZVMjNLaFpmdC94U1VuQVExTjdFYXIwNVRhOHlCCjFidytoSlpRLzlBc2RLM1lnRUxYdUpjODJqOVpGcmhMWFNqSjdqRkYvbmNRL2RoSWovUTZ3cnQ0VHBGRDliM2YKSjRteGFDbmhpb0xjUkdTVVM2ak5ERmVhR3VnNmtray9GcjFGUnFWQmtkWDlFV3A2dWRJQzErWGNxeFBVdDdZaAppNjlXYjdqWUcyODNBRmQvS09zQ0F3RUFBYU5DTUVBd0RnWURWUjBQQVFIL0JBUURBZ0trTUE4R0ExVWRFd0VCCi93UUZNQU1CQWY4d0hRWURWUjBPQkJZRUZFd0RjWG15SmN0NmtUNVE4TStZWjVNUUtIVkVNQTBHQ1NxR1NJYjMKRFFFQkN3VUFBNElCQVFBRnBOdkFld3BQK0lxL0ZEMTlUUTk1SDVWdnlVbllJN0FpelZlSFVSRUR1djVzTm1SLwpoU2ZIODJsOU8rT2NaeFBqRTZnTnNXY0RsRmlLK2VBT2I3T0NwTS95dGd2Tmp4LzhWTkFWUlNKR1dnMEtvK2JmClZTcHhOQ1hPV0UvWFV2Um53bmFsK1lZOThsZk1Cck1BajlHdUJxNGpXMVhqOU5YSVJXRDA4UkZ3QXlsaGVFbDAKYTlndjIwVmZCUXZDNXBaOElBSTRnbUxJeUNtdFBIUk1TWm5sSVNOSnNrVzRQd2ZaRjluWU1RSEpRaVVNdHd1bwpjclRhMGppVlJEemw3SmFxYUtqNFpreStZQVp1THhiV3FDek1jdFZZQlVBa3pEYk9YcVFMNzR1Z1lKcWZkL09iCmd2eHQrTHlDZXQ4a044d1gwZVdER01HMTFGVGt2VTg4RysxRQotLS0tLUVORCBDRVJUSUZJQ0FURS0tLS0tCg=="
              }
            ],
            "created_at": "2021-07-20 07:54:46.116 +0000 UTC",
            "enabled_cluster_log_types": [],
            "endpoint": "https://C9200850CEA294E62EB8B4E63E2FE135.gr7.eu-central-1.eks.amazonaws.com",
            "id": "education-eks-HsT24adv",
            "identity": [
              {
                "oidc": [
                  {
                    "issuer": "https://oidc.eks.eu-central-1.amazonaws.com/id/C9200850CEA294E62EB8B4E63E2FE135"
                  }
                ]
              }
            ],
            "kubernetes_network_config": [
              {
                "service_ipv4_cidr": "172.20.0.0/16"
              }
            ],
            "name": "education-eks-HsT24adv",
            "platform_version": "eks.2",
            "role_arn": "arn:aws:iam::650650568567:role/education-eks-HsT24adv20210720075426624000000002",
            "status": "ACTIVE",
            "tags": {
              "Environment": "training",
              "GithubOrg": "terraform-aws-modules",
              "GithubRepo": "terraform-aws-eks"
            },
            "version": "1.20",
            "vpc_config": [
              {
                "cluster_security_group_id": "sg-037b6c9a9781a3dbd",
                "endpoint_private_access": false,
                "endpoint_public_access": true,
                "public_access_cidrs": [
                  "0.0.0.0/0"
                ],
                "security_group_ids": [
                  "sg-06a2c57317a315c86"
                ],
                "subnet_ids": [
                  "subnet-003ca69db594b16c9",
                  "subnet-0371a96d1665cf98e",
                  "subnet-0c28942cf425f1731"
                ],
                "vpc_id": "vpc-0dcea7e1227639b93"
              }
            ]
          },
          "sensitive_attributes": []
        }
      ]
    },
    {
      "mode": "data",
      "type": "terraform_remote_state",
      "name": "eks",
      "provider": "provider[\"terraform.io/builtin/terraform\"]",
      "instances": [
        {
          "schema_version": 0,
          "attributes": {
            "backend": "s3",
            "config": {
              "value": {
                "bucket": "lab-terraformstate-bucket-01",
                "key": "my-kubernetes-advanced-lab-01",
                "region": "eu-central-1"
              },
              "type": [
                "object",
                {
                  "bucket": "string",
                  "key": "string",
                  "region": "string"
                }
              ]
            },
            "defaults": null,
            "outputs": {
              "value": {
                "cluster_endpoint": "https://C9200850CEA294E62EB8B4E63E2FE135.gr7.eu-central-1.eks.amazonaws.com",
                "cluster_id": "education-eks-HsT24adv",
                "cluster_name": "education-eks-HsT24adv",
                "cluster_security_group_id": "sg-06a2c57317a315c86",
                "config_map_aws_auth": [
                  {
                    "binary_data": null,
                    "data": {
                      "mapAccounts": "[]\n",
                      "mapRoles": "- \"groups\":\n  - \"system:bootstrappers\"\n  - \"system:nodes\"\n  \"rolearn\": \"arn:aws:iam::650650568567:role/education-eks-HsT24adv2021072008042441790000000c\"\n  \"username\": \"system:node:{{EC2PrivateDNSName}}\"\n",
                      "mapUsers": "[]\n"
                    },
                    "id": "kube-system/aws-auth",
                    "metadata": [
                      {
                        "annotations": null,
                        "generate_name": "",
                        "generation": 0,
                        "labels": {
                          "app.kubernetes.io/managed-by": "Terraform",
                          "terraform.io/module": "terraform-aws-modules.eks.aws"
                        },
                        "name": "aws-auth",
                        "namespace": "kube-system",
                        "resource_version": "601",
                        "uid": "efbe57a2-bb74-464c-b19b-499ba75748eb"
                      }
                    ]
                  }
                ],
                "kubectl_config": "apiVersion: v1\npreferences: {}\nkind: Config\n\nclusters:\n- cluster:\n    server: https://C9200850CEA294E62EB8B4E63E2FE135.gr7.eu-central-1.eks.amazonaws.com\n    certificate-authority-data: LS0tLS1CRUdJTiBDRVJUSUZJQ0FURS0tLS0tCk1JSUM1ekNDQWMrZ0F3SUJBZ0lCQURBTkJna3Foa2lHOXcwQkFRc0ZBREFWTVJNd0VRWURWUVFERXdwcmRXSmwKY201bGRHVnpNQjRYRFRJeE1EY3lNREE0TURBd01Gb1hEVE14TURjeE9EQTRNREF3TUZvd0ZURVRNQkVHQTFVRQpBeE1LYTNWaVpYSnVaWFJsY3pDQ0FTSXdEUVlKS29aSWh2Y05BUUVCQlFBRGdnRVBBRENDQVFvQ2dnRUJBT1dUClBhU3NGMVBMdzErK0NQM1VRUU9CNllqcGRTNjNBbGEweTUyb1lrUDBOR0hGVTB5UWNVMjUzQTA5ZFNHUWRqcWoKb0lORXdmYXBaVVE2WHc5TFFZa1dLWjUyMkxPZ3NSZ2FiN2NSNWpRKzI5M1hWTGtBL2lobW5UU0t0SjB4QzJOQQpMbEp6aFllQUxVVlc3c0FOY0MzYVdMa3BrMWpOa2llUmpWYlZVMjNLaFpmdC94U1VuQVExTjdFYXIwNVRhOHlCCjFidytoSlpRLzlBc2RLM1lnRUxYdUpjODJqOVpGcmhMWFNqSjdqRkYvbmNRL2RoSWovUTZ3cnQ0VHBGRDliM2YKSjRteGFDbmhpb0xjUkdTVVM2ak5ERmVhR3VnNmtray9GcjFGUnFWQmtkWDlFV3A2dWRJQzErWGNxeFBVdDdZaAppNjlXYjdqWUcyODNBRmQvS09zQ0F3RUFBYU5DTUVBd0RnWURWUjBQQVFIL0JBUURBZ0trTUE4R0ExVWRFd0VCCi93UUZNQU1CQWY4d0hRWURWUjBPQkJZRUZFd0RjWG15SmN0NmtUNVE4TStZWjVNUUtIVkVNQTBHQ1NxR1NJYjMKRFFFQkN3VUFBNElCQVFBRnBOdkFld3BQK0lxL0ZEMTlUUTk1SDVWdnlVbllJN0FpelZlSFVSRUR1djVzTm1SLwpoU2ZIODJsOU8rT2NaeFBqRTZnTnNXY0RsRmlLK2VBT2I3T0NwTS95dGd2Tmp4LzhWTkFWUlNKR1dnMEtvK2JmClZTcHhOQ1hPV0UvWFV2Um53bmFsK1lZOThsZk1Cck1BajlHdUJxNGpXMVhqOU5YSVJXRDA4UkZ3QXlsaGVFbDAKYTlndjIwVmZCUXZDNXBaOElBSTRnbUxJeUNtdFBIUk1TWm5sSVNOSnNrVzRQd2ZaRjluWU1RSEpRaVVNdHd1bwpjclRhMGppVlJEemw3SmFxYUtqNFpreStZQVp1THhiV3FDek1jdFZZQlVBa3pEYk9YcVFMNzR1Z1lKcWZkL09iCmd2eHQrTHlDZXQ4a044d1gwZVdER01HMTFGVGt2VTg4RysxRQotLS0tLUVORCBDRVJUSUZJQ0FURS0tLS0tCg==\n  name: eks_education-eks-HsT24adv\n\ncontexts:\n- context:\n    cluster: eks_education-eks-HsT24adv\n    user: eks_education-eks-HsT24adv\n  name: eks_education-eks-HsT24adv\n\ncurrent-context: eks_education-eks-HsT24adv\n\nusers:\n- name: eks_education-eks-HsT24adv\n  user:\n    exec:\n      apiVersion: client.authentication.k8s.io/v1alpha1\n      command: aws-iam-authenticator\n      args:\n        - \"token\"\n        - \"-i\"\n        - \"education-eks-HsT24adv\"\n",
                "region": "eu-central-1"
              },
              "type": [
                "object",
                {
                  "cluster_endpoint": "string",
                  "cluster_id": "string",
                  "cluster_name": "string",
                  "cluster_security_group_id": "string",
                  "config_map_aws_auth": [
                    "tuple",
                    [
                      [
                        "object",
                        {
                          "binary_data": [
                            "map",
                            "string"
                          ],
                          "data": [
                            "map",
                            "string"
                          ],
                          "id": "string",
                          "metadata": [
                            "list",
                            [
                              "object",
                              {
                                "annotations": [
                                  "map",
                                  "string"
                                ],
                                "generate_name": "string",
                                "generation": "number",
                                "labels": [
                                  "map",
                                  "string"
                                ],
                                "name": "string",
                                "namespace": "string",
                                "resource_version": "string",
                                "uid": "string"
                              }
                            ]
                          ]
                        }
                      ]
                    ]
                  ],
                  "kubectl_config": "string",
                  "region": "string"
                }
              ]
            },
            "workspace": null
          },
          "sensitive_attributes": []
        }
      ]
    },
    {
      "mode": "managed",
      "type": "kubernetes_deployment",
      "name": "nginx",
      "provider": "provider[\"registry.terraform.io/hashicorp/kubernetes\"]",
      "instances": [
        {
          "schema_version": 1,
          "attributes": {
            "id": "default/scalable-nginx-example",
            "metadata": [
              {
                "annotations": {},
                "generate_name": "",
                "generation": 1,
                "labels": {
                  "App": "ScalableNginxExample"
                },
                "name": "scalable-nginx-example",
                "namespace": "default",
                "resource_version": "2416",
                "uid": "d93f6695-ab9d-416a-b653-97dfba55a17b"
              }
            ],
            "spec": [
              {
                "min_ready_seconds": 0,
                "paused": false,
                "progress_deadline_seconds": 600,
                "replicas": "2",
                "revision_history_limit": 10,
                "selector": [
                  {
                    "match_expressions": [],
                    "match_labels": {
                      "App": "ScalableNginxExample"
                    }
                  }
                ],
                "strategy": [
                  {
                    "rolling_update": [
                      {
                        "max_surge": "25%",
                        "max_unavailable": "25%"
                      }
                    ],
                    "type": "RollingUpdate"
                  }
                ],
                "template": [
                  {
                    "metadata": [
                      {
                        "annotations": {},
                        "generate_name": "",
                        "generation": 0,
                        "labels": {
                          "App": "ScalableNginxExample"
                        },
                        "name": "",
                        "namespace": "",
                        "resource_version": "",
                        "uid": ""
                      }
                    ],
                    "spec": [
                      {
                        "active_deadline_seconds": 0,
                        "affinity": [],
                        "automount_service_account_token": true,
                        "container": [
                          {
                            "args": [],
                            "command": [],
                            "env": [],
                            "env_from": [],
                            "image": "nginx:1.7.8",
                            "image_pull_policy": "IfNotPresent",
                            "lifecycle": [],
                            "liveness_probe": [],
                            "name": "example",
                            "port": [
                              {
                                "container_port": 80,
                                "host_ip": "",
                                "host_port": 0,
                                "name": "",
                                "protocol": "TCP"
                              }
                            ],
                            "readiness_probe": [],
                            "resources": [
                              {
                                "limits": {
                                  "cpu": "500m",
                                  "memory": "512Mi"
                                },
                                "requests": {
                                  "cpu": "250m",
                                  "memory": "50Mi"
                                }
                              }
                            ],
                            "security_context": [],
                            "startup_probe": [],
                            "stdin": false,
                            "stdin_once": false,
                            "termination_message_path": "/dev/termination-log",
                            "termination_message_policy": "File",
                            "tty": false,
                            "volume_mount": [],
                            "working_dir": ""
                          }
                        ],
                        "dns_config": [],
                        "dns_policy": "ClusterFirst",
                        "enable_service_links": true,
                        "host_aliases": [],
                        "host_ipc": false,
                        "host_network": false,
                        "host_pid": false,
                        "hostname": "",
                        "image_pull_secrets": [],
                        "init_container": [],
                        "node_name": "",
                        "node_selector": {},
                        "priority_class_name": "",
                        "readiness_gate": [],
                        "restart_policy": "Always",
                        "security_context": [],
                        "service_account_name": "",
                        "share_process_namespace": false,
                        "subdomain": "",
                        "termination_grace_period_seconds": 30,
                        "toleration": [],
                        "topology_spread_constraint": [],
                        "volume": []
                      }
                    ]
                  }
                ]
              }
            ],
            "timeouts": null,
            "wait_for_rollout": true
          },
          "sensitive_attributes": [],
          "private": "eyJlMmJmYjczMC1lY2FhLTExZTYtOGY4OC0zNDM2M2JjN2M0YzAiOnsiY3JlYXRlIjo2MDAwMDAwMDAwMDAsImRlbGV0ZSI6NjAwMDAwMDAwMDAwLCJ1cGRhdGUiOjYwMDAwMDAwMDAwMH0sInNjaGVtYV92ZXJzaW9uIjoiMSJ9",
          "dependencies": [
            "data.aws_eks_cluster.cluster",
            "data.terraform_remote_state.eks"
          ]
        }
      ]
    },
    {
      "mode": "managed",
      "type": "kubernetes_service",
      "name": "nginx",
      "provider": "provider[\"registry.terraform.io/hashicorp/kubernetes\"]",
      "instances": [
        {
          "schema_version": 1,
          "attributes": {
            "id": "default/nginx-example",
            "metadata": [
              {
                "annotations": {},
                "generate_name": "",
                "generation": 0,
                "labels": {},
                "name": "nginx-example",
                "namespace": "default",
                "resource_version": "2742",
                "uid": "b1c497ec-0dc8-4a4b-a357-d422aef97a69"
              }
            ],
            "spec": [
              {
                "cluster_ip": "172.20.172.75",
                "external_ips": [],
                "external_name": "",
                "external_traffic_policy": "Cluster",
                "health_check_node_port": 0,
                "load_balancer_ip": "",
                "load_balancer_source_ranges": [],
                "port": [
                  {
                    "name": "",
                    "node_port": 32736,
                    "port": 80,
                    "protocol": "TCP",
                    "target_port": "80"
                  }
                ],
                "publish_not_ready_addresses": false,
                "selector": {
                  "App": "ScalableNginxExample"
                },
                "session_affinity": "None",
                "type": "LoadBalancer"
              }
            ],
            "status": [
              {
                "load_balancer": [
                  {
                    "ingress": [
                      {
                        "hostname": "ab1c497ec0dc84a4ba357d422aef97a6-253700796.eu-central-1.elb.amazonaws.com",
                        "ip": ""
                      }
                    ]
                  }
                ]
              }
            ],
            "timeouts": null,
            "wait_for_load_balancer": true
          },
          "sensitive_attributes": [],
          "private": "eyJlMmJmYjczMC1lY2FhLTExZTYtOGY4OC0zNDM2M2JjN2M0YzAiOnsiY3JlYXRlIjo2MDAwMDAwMDAwMDB9LCJzY2hlbWFfdmVyc2lvbiI6IjEifQ==",
          "dependencies": [
            "data.aws_eks_cluster.cluster",
            "data.terraform_remote_state.eks",
            "kubernetes_deployment.nginx"
          ]
        }
      ]
    }
  ]
}
